
Microsoft Visual Studio Solution File, Format Version 12.00
# Visual Studio 15
VisualStudioVersion = 15.0.28010.2026
MinimumVisualStudioVersion = 10.0.40219.1
Project("{FAE04EC0-301F-11D3-BF4B-00C04F79EFBC}") = "AppPrevisaoDoTempo.Android", "AppPrevisaoDoTempo\AppPrevisaoDoTempo.Android\AppPrevisaoDoTempo.Android.csproj", "{A4E7F043-0BA1-42BC-B7D9-AE59AD597F33}"
EndProject
Project("{FAE04EC0-301F-11D3-BF4B-00C04F79EFBC}") = "AppPrevisaoDoTempo.iOS", "AppPrevisaoDoTempo\AppPrevisaoDoTempo.iOS\AppPrevisaoDoTempo.iOS.csproj", "{684CB23C-761D-438A-981A-98889EDBB463}"
EndProject
Project("{FAE04EC0-301F-11D3-BF4B-00C04F79EFBC}") = "AppPrevisaoDoTempo.UWP", "AppPrevisaoDoTempo\AppPrevisaoDoTempo.UWP\AppPrevisaoDoTempo.UWP.csproj", "{AA96F249-86EC-4E16-B2FE-B058D80331E0}"
EndProject
Project("{FAE04EC0-301F-11D3-BF4B-00C04F79EFBC}") = "AppPrevisaoDoTempo", "AppPrevisaoDoTempo\AppPrevisaoDoTempo\AppPrevisaoDoTempo.csproj", "{7A4301A8-0734-45AF-BF79-60AA22496F12}"
EndProject
Global
	GlobalSection(SolutionConfigurationPlatforms) = preSolution
		Ad-Hoc|Any CPU = Ad-Hoc|Any CPU
		Ad-Hoc|ARM = Ad-Hoc|ARM
		Ad-Hoc|iPhone = Ad-Hoc|iPhone
		Ad-Hoc|iPhoneSimulator = Ad-Hoc|iPhoneSimulator
		Ad-Hoc|x64 = Ad-Hoc|x64
		Ad-Hoc|x86 = Ad-Hoc|x86
		AppStore|Any CPU = AppStore|Any CPU
		AppStore|ARM = AppStore|ARM
		AppStore|iPhone = AppStore|iPhone
		AppStore|iPhoneSimulator = AppStore|iPhoneSimulator
		AppStore|x64 = AppStore|x64
		AppStore|x86 = AppStore|x86
		Debug|Any CPU = Debug|Any CPU
		Debug|ARM = Debug|ARM
		Debug|iPhone = Debug|iPhone
		Debug|iPhoneSimulator = Debug|iPhoneSimulator
		Debug|x64 = Debug|x64
		Debug|x86 = Debug|x86
		Release|Any CPU = Release|Any CPU
		Release|ARM = Release|ARM
		Release|iPhone = Release|iPhone
		Release|iPhoneSimulator = Release|iPhoneSimulator
		Release|x64 = Release|x64
		Release|x86 = Release|x86
	EndGlobalSection
	GlobalSection(ProjectConfigurationPlatforms) = postSolution
		{A4E7F043-0BA1-42BC-B7D9-AE59AD597F33}.Ad-Hoc|Any CPU.ActiveCfg = Release|Any CPU
		{A4E7F043-0BA1-42BC-B7D9-AE59AD597F33}.Ad-Hoc|Any CPU.Build.0 = Release|Any CPU
		{A4E7F043-0BA1-42BC-B7D9-AE59AD597F33}.Ad-Hoc|Any CPU.Deploy.0 = Release|Any CPU
		{A4E7F043-0BA1-42BC-B7D9-AE59AD597F33}.Ad-Hoc|ARM.ActiveCfg = Release|Any CPU
		{A4E7F043-0BA1-42BC-B7D9-AE59AD597F33}.Ad-Hoc|ARM.Build.0 = Release|Any CPU
		{A4E7F043-0BA1-42BC-B7D9-AE59AD597F33}.Ad-Hoc|ARM.Deploy.0 = Release|Any CPU
		{A4E7F043-0BA1-42BC-B7D9-AE59AD597F33}.Ad-Hoc|iPhone.ActiveCfg = Release|Any CPU
		{A4E7F043-0BA1-42BC-B7D9-AE59AD597F33}.Ad-Hoc|iPhone.Build.0 = Release|Any CPU
		{A4E7F043-0BA1-42BC-B7D9-AE59AD597F33}.Ad-Hoc|iPhone.Deploy.0 = Release|Any CPU
		{A4E7F043-0BA1-42BC-B7D9-AE59AD597F33}.Ad-Hoc|iPhoneSimulator.ActiveCfg = Release|Any CPU
		{A4E7F043-0BA1-42BC-B7D9-AE59AD597F33}.Ad-Hoc|iPhoneSimulator.Build.0 = Release|Any CPU
		{A4E7F043-0BA1-42BC-B7D9-AE59AD597F33}.Ad-Hoc|iPhoneSimulator.Deploy.0 = Release|Any CPU
		{A4E7F043-0BA1-42BC-B7D9-AE59AD597F33}.Ad-Hoc|x64.ActiveCfg = Release|Any CPU
		{A4E7F043-0BA1-42BC-B7D9-AE59AD597F33}.Ad-Hoc|x64.Build.0 = Release|Any CPU
		{A4E7F043-0BA1-42BC-B7D9-AE59AD597F33}.Ad-Hoc|x64.Deploy.0 = Release|Any CPU
		{A4E7F043-0BA1-42BC-B7D9-AE59AD597F33}.Ad-Hoc|x86.ActiveCfg = Release|Any CPU
		{A4E7F043-0BA1-42BC-B7D9-AE59AD597F33}.Ad-Hoc|x86.Build.0 = Release|Any CPU
		{A4E7F043-0BA1-42BC-B7D9-AE59AD597F33}.Ad-Hoc|x86.Deploy.0 = Release|Any CPU
		{A4E7F043-0BA1-42BC-B7D9-AE59AD597F33}.AppStore|Any CPU.ActiveCfg = Release|Any CPU
		{A4E7F043-0BA1-42BC-B7D9-AE59AD597F33}.AppStore|Any CPU.Build.0 = Release|Any CPU
		{A4E7F043-0BA1-42BC-B7D9-AE59AD597F33}.AppStore|Any CPU.Deploy.0 = Release|Any CPU
		{A4E7F043-0BA1-42BC-B7D9-AE59AD597F33}.AppStore|ARM.ActiveCfg = Release|Any CPU
		{A4E7F043-0BA1-42BC-B7D9-AE59AD597F33}.AppStore|ARM.Build.0 = Release|Any CPU
		{A4E7F043-0BA1-42BC-B7D9-AE59AD597F33}.AppStore|ARM.Deploy.0 = Release|Any CPU
		{A4E7F043-0BA1-42BC-B7D9-AE59AD597F33}.AppStore|iPhone.ActiveCfg = Release|Any CPU
		{A4E7F043-0BA1-42BC-B7D9-AE59AD597F33}.AppStore|iPhone.Build.0 = Release|Any CPU
		{A4E7F043-0BA1-42BC-B7D9-AE59AD597F33}.AppStore|iPhone.Deploy.0 = Release|Any CPU
		{A4E7F043-0BA1-42BC-B7D9-AE59AD597F33}.AppStore|iPhoneSimulator.ActiveCfg = Release|Any CPU
		{A4E7F043-0BA1-42BC-B7D9-AE59AD597F33}.AppStore|iPhoneSimulator.Build.0 = Release|Any CPU
		{A4E7F043-0BA1-42BC-B7D9-AE59AD597F33}.AppStore|iPhoneSimulator.Deploy.0 = Release|Any CPU
		{A4E7F043-0BA1-42BC-B7D9-AE59AD597F33}.AppStore|x64.ActiveCfg = Release|Any CPU
		{A4E7F043-0BA1-42BC-B7D9-AE59AD597F33}.AppStore|x64.Build.0 = Release|Any CPU
		{A4E7F043-0BA1-42BC-B7D9-AE59AD597F33}.AppStore|x64.Deploy.0 = Release|Any CPU
		{A4E7F043-0BA1-42BC-B7D9-AE59AD597F33}.AppStore|x86.ActiveCfg = Release|Any CPU
		{A4E7F043-0BA1-42BC-B7D9-AE59AD597F33}.AppStore|x86.Build.0 = Release|Any CPU
		{A4E7F043-0BA1-42BC-B7D9-AE59AD597F33}.AppStore|x86.Deploy.0 = Release|Any CPU
		{A4E7F043-0BA1-42BC-B7D9-AE59AD597F33}.Debug|Any CPU.ActiveCfg = Debug|Any CPU
		{A4E7F043-0BA1-42BC-B7D9-AE59AD597F33}.Debug|Any CPU.Build.0 = Debug|Any CPU
		{A4E7F043-0BA1-42BC-B7D9-AE59AD597F33}.Debug|Any CPU.Deploy.0 = Debug|Any CPU
		{A4E7F043-0BA1-42BC-B7D9-AE59AD597F33}.Debug|ARM.ActiveCfg = Debug|Any CPU
		{A4E7F043-0BA1-42BC-B7D9-AE59AD597F33}.Debug|ARM.Build.0 = Debug|Any CPU
		{A4E7F043-0BA1-42BC-B7D9-AE59AD597F33}.Debug|ARM.Deploy.0 = Debug|Any CPU
		{A4E7F043-0BA1-42BC-B7D9-AE59AD597F33}.Debug|iPhone.ActiveCfg = Debug|Any CPU
		{A4E7F043-0BA1-42BC-B7D9-AE59AD597F33}.Debug|iPhone.Build.0 = Debug|Any CPU
		{A4E7F043-0BA1-42BC-B7D9-AE59AD597F33}.Debug|iPhone.Deploy.0 = Debug|Any CPU
		{A4E7F043-0BA1-42BC-B7D9-AE59AD597F33}.Debug|iPhoneSimulator.ActiveCfg = Debug|Any CPU
		{A4E7F043-0BA1-42BC-B7D9-AE59AD597F33}.Debug|iPhoneSimulator.Build.0 = Debug|Any CPU
		{A4E7F043-0BA1-42BC-B7D9-AE59AD597F33}.Debug|iPhoneSimulator.Deploy.0 = Debug|Any CPU
		{A4E7F043-0BA1-42BC-B7D9-AE59AD597F33}.Debug|x64.ActiveCfg = Debug|Any CPU
		{A4E7F043-0BA1-42BC-B7D9-AE59AD597F33}.Debug|x64.Build.0 = Debug|Any CPU
		{A4E7F043-0BA1-42BC-B7D9-AE59AD597F33}.Debug|x64.Deploy.0 = Debug|Any CPU
		{A4E7F043-0BA1-42BC-B7D9-AE59AD597F33}.Debug|x86.ActiveCfg = Debug|Any CPU
		{A4E7F043-0BA1-42BC-B7D9-AE59AD597F33}.Debug|x86.Build.0 = Debug|Any CPU
		{A4E7F043-0BA1-42BC-B7D9-AE59AD597F33}.Debug|x86.Deploy.0 = Debug|Any CPU
		{A4E7F043-0BA1-42BC-B7D9-AE59AD597F33}.Release|Any CPU.ActiveCfg = Release|Any CPU
		{A4E7F043-0BA1-42BC-B7D9-AE59AD597F33}.Release|Any CPU.Build.0 = Release|Any CPU
		{A4E7F043-0BA1-42BC-B7D9-AE59AD597F33}.Release|Any CPU.Deploy.0 = Release|Any CPU
		{A4E7F043-0BA1-42BC-B7D9-AE59AD597F33}.Release|ARM.ActiveCfg = Release|Any CPU
		{A4E7F043-0BA1-42BC-B7D9-AE59AD597F33}.Release|ARM.Build.0 = Release|Any CPU
		{A4E7F043-0BA1-42BC-B7D9-AE59AD597F33}.Release|ARM.Deploy.0 = Release|Any CPU
		{A4E7F043-0BA1-42BC-B7D9-AE59AD597F33}.Release|iPhone.ActiveCfg = Release|Any CPU
		{A4E7F043-0BA1-42BC-B7D9-AE59AD597F33}.Release|iPhone.Build.0 = Release|Any CPU
		{A4E7F043-0BA1-42BC-B7D9-AE59AD597F33}.Release|iPhone.Deploy.0 = Release|Any CPU
		{A4E7F043-0BA1-42BC-B7D9-AE59AD597F33}.Release|iPhoneSimulator.ActiveCfg = Release|Any CPU
		{A4E7F043-0BA1-42BC-B7D9-AE59AD597F33}.Release|iPhoneSimulator.Build.0 = Release|Any CPU
		{A4E7F043-0BA1-42BC-B7D9-AE59AD597F33}.Release|iPhoneSimulator.Deploy.0 = Release|Any CPU
		{A4E7F043-0BA1-42BC-B7D9-AE59AD597F33}.Release|x64.ActiveCfg = Release|Any CPU
		{A4E7F043-0BA1-42BC-B7D9-AE59AD597F33}.Release|x64.Build.0 = Release|Any CPU
		{A4E7F043-0BA1-42BC-B7D9-AE59AD597F33}.Release|x64.Deploy.0 = Release|Any CPU
		{A4E7F043-0BA1-42BC-B7D9-AE59AD597F33}.Release|x86.ActiveCfg = Release|Any CPU
		{A4E7F043-0BA1-42BC-B7D9-AE59AD597F33}.Release|x86.Build.0 = Release|Any CPU
		{A4E7F043-0BA1-42BC-B7D9-AE59AD597F33}.Release|x86.Deploy.0 = Release|Any CPU
		{684CB23C-761D-438A-981A-98889EDBB463}.Ad-Hoc|Any CPU.ActiveCfg = Ad-Hoc|iPhone
		{684CB23C-761D-438A-981A-98889EDBB463}.Ad-Hoc|Any CPU.Build.0 = Ad-Hoc|iPhone
		{684CB23C-761D-438A-981A-98889EDBB463}.Ad-Hoc|Any CPU.Deploy.0 = Ad-Hoc|iPhone
		{684CB23C-761D-438A-981A-98889EDBB463}.Ad-Hoc|ARM.ActiveCfg = Ad-Hoc|iPhone
		{684CB23C-761D-438A-981A-98889EDBB463}.Ad-Hoc|ARM.Build.0 = Ad-Hoc|iPhone
		{684CB23C-761D-438A-981A-98889EDBB463}.Ad-Hoc|ARM.Deploy.0 = Ad-Hoc|iPhone
		{684CB23C-761D-438A-981A-98889EDBB463}.Ad-Hoc|iPhone.ActiveCfg = Ad-Hoc|iPhone
		{684CB23C-761D-438A-981A-98889EDBB463}.Ad-Hoc|iPhone.Build.0 = Ad-Hoc|iPhone
		{684CB23C-761D-438A-981A-98889EDBB463}.Ad-Hoc|iPhone.Deploy.0 = Ad-Hoc|iPhone
		{684CB23C-761D-438A-981A-98889EDBB463}.Ad-Hoc|iPhoneSimulator.ActiveCfg = Ad-Hoc|iPhoneSimulator
		{684CB23C-761D-438A-981A-98889EDBB463}.Ad-Hoc|iPhoneSimulator.Build.0 = Ad-Hoc|iPhoneSimulator
		{684CB23C-761D-438A-981A-98889EDBB463}.Ad-Hoc|iPhoneSimulator.Deploy.0 = Ad-Hoc|iPhoneSimulator
		{684CB23C-761D-438A-981A-98889EDBB463}.Ad-Hoc|x64.ActiveCfg = Ad-Hoc|iPhone
		{684CB23C-761D-438A-981A-98889EDBB463}.Ad-Hoc|x64.Build.0 = Ad-Hoc|iPhone
		{684CB23C-761D-438A-981A-98889EDBB463}.Ad-Hoc|x64.Deploy.0 = Ad-Hoc|iPhone
		{684CB23C-761D-438A-981A-98889EDBB463}.Ad-Hoc|x86.ActiveCfg = Ad-Hoc|iPhone
		{684CB23C-761D-438A-981A-98889EDBB463}.Ad-Hoc|x86.Build.0 = Ad-Hoc|iPhone
		{684CB23C-761D-438A-981A-98889EDBB463}.Ad-Hoc|x86.Deploy.0 = Ad-Hoc|iPhone
		{684CB23C-761D-438A-981A-98889EDBB463}.AppStore|Any CPU.ActiveCfg = AppStore|iPhone
		{684CB23C-761D-438A-981A-98889EDBB463}.AppStore|Any CPU.Build.0 = AppStore|iPhone
		{684CB23C-761D-438A-981A-98889EDBB463}.AppStore|Any CPU.Deploy.0 = AppStore|iPhone
		{684CB23C-761D-438A-981A-98889EDBB463}.AppStore|ARM.ActiveCfg = AppStore|iPhone
		{684CB23C-761D-438A-981A-98889EDBB463}.AppStore|ARM.Build.0 = AppStore|iPhone
		{684CB23C-761D-438A-981A-98889EDBB463}.AppStore|ARM.Deploy.0 = AppStore|iPhone
		{684CB23C-761D-438A-981A-98889EDBB463}.AppStore|iPhone.ActiveCfg = AppStore|iPhone
		{684CB23C-761D-438A-981A-98889EDBB463}.AppStore|iPhone.Build.0 = AppStore|iPhone
		{684CB23C-761D-438A-981A-98889EDBB463}.AppStore|iPhone.Deploy.0 = AppStore|iPhone
		{684CB23C-761D-438A-981A-98889EDBB463}.AppStore|iPhoneSimulator.ActiveCfg = AppStore|iPhoneSimulator
		{684CB23C-761D-438A-981A-98889EDBB463}.AppStore|iPhoneSimulator.Build.0 = AppStore|iPhoneSimulator
		{684CB23C-761D-438A-981A-98889EDBB463}.AppStore|iPhoneSimulator.Deploy.0 = AppStore|iPhoneSimulator
		{684CB23C-761D-438A-981A-98889EDBB463}.AppStore|x64.ActiveCfg = AppStore|iPhone
		{684CB23C-761D-438A-981A-98889EDBB463}.AppStore|x64.Build.0 = AppStore|iPhone
		{684CB23C-761D-438A-981A-98889EDBB463}.AppStore|x64.Deploy.0 = AppStore|iPhone
		{684CB23C-761D-438A-981A-98889EDBB463}.AppStore|x86.ActiveCfg = AppStore|iPhone
		{684CB23C-761D-438A-981A-98889EDBB463}.AppStore|x86.Build.0 = AppStore|iPhone
		{684CB23C-761D-438A-981A-98889EDBB463}.AppStore|x86.Deploy.0 = AppStore|iPhone
		{684CB23C-761D-438A-981A-98889EDBB463}.Debug|Any CPU.ActiveCfg = Debug|iPhoneSimulator
		{684CB23C-761D-438A-981A-98889EDBB463}.Debug|Any CPU.Build.0 = Debug|iPhoneSimulator
		{684CB23C-761D-438A-981A-98889EDBB463}.Debug|Any CPU.Deploy.0 = Debug|iPhoneSimulator
		{684CB23C-761D-438A-981A-98889EDBB463}.Debug|ARM.ActiveCfg = Debug|iPhone
		{684CB23C-761D-438A-981A-98889EDBB463}.Debug|ARM.Build.0 = Debug|iPhone
		{684CB23C-761D-438A-981A-98889EDBB463}.Debug|ARM.Deploy.0 = Debug|iPhone
		{684CB23C-761D-438A-981A-98889EDBB463}.Debug|iPhone.ActiveCfg = Debug|iPhone
		{684CB23C-761D-438A-981A-98889EDBB463}.Debug|iPhone.Build.0 = Debug|iPhone
		{684CB23C-761D-438A-981A-98889EDBB463}.Debug|iPhone.Deploy.0 = Debug|iPhone
		{684CB23C-761D-438A-981A-98889EDBB463}.Debug|iPhoneSimulator.ActiveCfg = Debug|iPhoneSimulator
		{684CB23C-761D-438A-981A-98889EDBB463}.Debug|iPhoneSimulator.Build.0 = Debug|iPhoneSimulator
		{684CB23C-761D-438A-981A-98889EDBB463}.Debug|iPhoneSimulator.Deploy.0 = Debug|iPhoneSimulator
		{684CB23C-761D-438A-981A-98889EDBB463}.Debug|x64.ActiveCfg = Debug|iPhone
		{684CB23C-761D-438A-981A-98889EDBB463}.Debug|x64.Build.0 = Debug|iPhone
		{684CB23C-761D-438A-981A-98889EDBB463}.Debug|x64.Deploy.0 = Debug|iPhone
		{684CB23C-761D-438A-981A-98889EDBB463}.Debug|x86.ActiveCfg = Debug|iPhone
		{684CB23C-761D-438A-981A-98889EDBB463}.Debug|x86.Build.0 = Debug|iPhone
		{684CB23C-761D-438A-981A-98889EDBB463}.Debug|x86.Deploy.0 = Debug|iPhone
		{684CB23C-761D-438A-981A-98889EDBB463}.Release|Any CPU.ActiveCfg = Release|iPhone
		{684CB23C-761D-438A-981A-98889EDBB463}.Release|Any CPU.Build.0 = Release|iPhone
		{684CB23C-761D-438A-981A-98889EDBB463}.Release|Any CPU.Deploy.0 = Release|iPhone
		{684CB23C-761D-438A-981A-98889EDBB463}.Release|ARM.ActiveCfg = Release|iPhone
		{684CB23C-761D-438A-981A-98889EDBB463}.Release|ARM.Build.0 = Release|iPhone
		{684CB23C-761D-438A-981A-98889EDBB463}.Release|ARM.Deploy.0 = Release|iPhone
		{684CB23C-761D-438A-981A-98889EDBB463}.Release|iPhone.ActiveCfg = Release|iPhone
		{684CB23C-761D-438A-981A-98889EDBB463}.Release|iPhone.Build.0 = Release|iPhone
		{684CB23C-761D-438A-981A-98889EDBB463}.Release|iPhone.Deploy.0 = Release|iPhone
		{684CB23C-761D-438A-981A-98889EDBB463}.Release|iPhoneSimulator.ActiveCfg = Release|iPhoneSimulator
		{684CB23C-761D-438A-981A-98889EDBB463}.Release|iPhoneSimulator.Build.0 = Release|iPhoneSimulator
		{684CB23C-761D-438A-981A-98889EDBB463}.Release|iPhoneSimulator.Deploy.0 = Release|iPhoneSimulator
		{684CB23C-761D-438A-981A-98889EDBB463}.Release|x64.ActiveCfg = Release|iPhone
		{684CB23C-761D-438A-981A-98889EDBB463}.Release|x64.Build.0 = Release|iPhone
		{684CB23C-761D-438A-981A-98889EDBB463}.Release|x64.Deploy.0 = Release|iPhone
		{684CB23C-761D-438A-981A-98889EDBB463}.Release|x86.ActiveCfg = Release|iPhone
		{684CB23C-761D-438A-981A-98889EDBB463}.Release|x86.Build.0 = Release|iPhone
		{684CB23C-761D-438A-981A-98889EDBB463}.Release|x86.Deploy.0 = Release|iPhone
		{AA96F249-86EC-4E16-B2FE-B058D80331E0}.Ad-Hoc|Any CPU.ActiveCfg = Release|x86
		{AA96F249-86EC-4E16-B2FE-B058D80331E0}.Ad-Hoc|Any CPU.Build.0 = Release|x86
		{AA96F249-86EC-4E16-B2FE-B058D80331E0}.Ad-Hoc|Any CPU.Deploy.0 = Release|x86
		{AA96F249-86EC-4E16-B2FE-B058D80331E0}.Ad-Hoc|ARM.ActiveCfg = Release|ARM
		{AA96F249-86EC-4E16-B2FE-B058D80331E0}.Ad-Hoc|ARM.Build.0 = Release|ARM
		{AA96F249-86EC-4E16-B2FE-B058D80331E0}.Ad-Hoc|ARM.Deploy.0 = Release|ARM
		{AA96F249-86EC-4E16-B2FE-B058D80331E0}.Ad-Hoc|iPhone.ActiveCfg = Release|x86
		{AA96F249-86EC-4E16-B2FE-B058D80331E0}.Ad-Hoc|iPhone.Build.0 = Release|x86
		{AA96F249-86EC-4E16-B2FE-B058D80331E0}.Ad-Hoc|iPhone.Deploy.0 = Release|x86
		{AA96F249-86EC-4E16-B2FE-B058D80331E0}.Ad-Hoc|iPhoneSimulator.ActiveCfg = Release|x86
		{AA96F249-86EC-4E16-B2FE-B058D80331E0}.Ad-Hoc|iPhoneSimulator.Build.0 = Release|x86
		{AA96F249-86EC-4E16-B2FE-B058D80331E0}.Ad-Hoc|iPhoneSimulator.Deploy.0 = Release|x86
		{AA96F249-86EC-4E16-B2FE-B058D80331E0}.Ad-Hoc|x64.ActiveCfg = Release|x64
		{AA96F249-86EC-4E16-B2FE-B058D80331E0}.Ad-Hoc|x64.Build.0 = Release|x64
		{AA96F249-86EC-4E16-B2FE-B058D80331E0}.Ad-Hoc|x64.Deploy.0 = Release|x64
		{AA96F249-86EC-4E16-B2FE-B058D80331E0}.Ad-Hoc|x86.ActiveCfg = Release|x86
		{AA96F249-86EC-4E16-B2FE-B058D80331E0}.Ad-Hoc|x86.Build.0 = Release|x86
		{AA96F249-86EC-4E16-B2FE-B058D80331E0}.Ad-Hoc|x86.Deploy.0 = Release|x86
		{AA96F249-86EC-4E16-B2FE-B058D80331E0}.AppStore|Any CPU.ActiveCfg = Release|x86
		{AA96F249-86EC-4E16-B2FE-B058D80331E0}.AppStore|Any CPU.Build.0 = Release|x86
		{AA96F249-86EC-4E16-B2FE-B058D80331E0}.AppStore|Any CPU.Deploy.0 = Release|x86
		{AA96F249-86EC-4E16-B2FE-B058D80331E0}.AppStore|ARM.ActiveCfg = Release|ARM
		{AA96F249-86EC-4E16-B2FE-B058D80331E0}.AppStore|ARM.Build.0 = Release|ARM
		{AA96F249-86EC-4E16-B2FE-B058D80331E0}.AppStore|ARM.Deploy.0 = Release|ARM
		{AA96F249-86EC-4E16-B2FE-B058D80331E0}.AppStore|iPhone.ActiveCfg = Release|x86
		{AA96F249-86EC-4E16-B2FE-B058D80331E0}.AppStore|iPhone.Build.0 = Release|x86
		{AA96F249-86EC-4E16-B2FE-B058D80331E0}.AppStore|iPhone.Deploy.0 = Release|x86
		{AA96F249-86EC-4E16-B2FE-B058D80331E0}.AppStore|iPhoneSimulator.ActiveCfg = Release|x86
		{AA96F249-86EC-4E16-B2FE-B058D80331E0}.AppStore|iPhoneSimulator.Build.0 = Release|x86
		{AA96F249-86EC-4E16-B2FE-B058D80331E0}.AppStore|iPhoneSimulator.Deploy.0 = Release|x86
		{AA96F249-86EC-4E16-B2FE-B058D80331E0}.AppStore|x64.ActiveCfg = Release|x64
		{AA96F249-86EC-4E16-B2FE-B058D80331E0}.AppStore|x64.Build.0 = Release|x64
		{AA96F249-86EC-4E16-B2FE-B058D80331E0}.AppStore|x64.Deploy.0 = Release|x64
		{AA96F249-86EC-4E16-B2FE-B058D80331E0}.AppStore|x86.ActiveCfg = Release|x86
		{AA96F249-86EC-4E16-B2FE-B058D80331E0}.AppStore|x86.Build.0 = Release|x86
		{AA96F249-86EC-4E16-B2FE-B058D80331E0}.AppStore|x86.Deploy.0 = Release|x86
		{AA96F249-86EC-4E16-B2FE-B058D80331E0}.Debug|Any CPU.ActiveCfg = Debug|x86
		{AA96F249-86EC-4E16-B2FE-B058D80331E0}.Debug|Any CPU.Build.0 = Debug|x86
		{AA96F249-86EC-4E16-B2FE-B058D80331E0}.Debug|Any CPU.Deploy.0 = Debug|x86
		{AA96F249-86EC-4E16-B2FE-B058D80331E0}.Debug|ARM.ActiveCfg = Debug|ARM
		{AA96F249-86EC-4E16-B2FE-B058D80331E0}.Debug|ARM.Build.0 = Debug|ARM
		{AA96F249-86EC-4E16-B2FE-B058D80331E0}.Debug|ARM.Deploy.0 = Debug|ARM
		{AA96F249-86EC-4E16-B2FE-B058D80331E0}.Debug|iPhone.ActiveCfg = Debug|x86
		{AA96F249-86EC-4E16-B2FE-B058D80331E0}.Debug|iPhone.Build.0 = Debug|x86
		{AA96F249-86EC-4E16-B2FE-B058D80331E0}.Debug|iPhone.Deploy.0 = Debug|x86
		{AA96F249-86EC-4E16-B2FE-B058D80331E0}.Debug|iPhoneSimulator.ActiveCfg = Debug|x86
		{AA96F249-86EC-4E16-B2FE-B058D80331E0}.Debug|iPhoneSimulator.Build.0 = Debug|x86
		{AA96F249-86EC-4E16-B2FE-B058D80331E0}.Debug|iPhoneSimulator.Deploy.0 = Debug|x86
		{AA96F249-86EC-4E16-B2FE-B058D80331E0}.Debug|x64.ActiveCfg = Debug|x64
		{AA96F249-86EC-4E16-B2FE-B058D80331E0}.Debug|x64.Build.0 = Debug|x64
		{AA96F249-86EC-4E16-B2FE-B058D80331E0}.Debug|x64.Deploy.0 = Debug|x64
		{AA96F249-86EC-4E16-B2FE-B058D80331E0}.Debug|x86.ActiveCfg = Debug|x86
		{AA96F249-86EC-4E16-B2FE-B058D80331E0}.Debug|x86.Build.0 = Debug|x86
		{AA96F249-86EC-4E16-B2FE-B058D80331E0}.Debug|x86.Deploy.0 = Debug|x86
		{AA96F249-86EC-4E16-B2FE-B058D80331E0}.Release|Any CPU.ActiveCfg = Release|x86
		{AA96F249-86EC-4E16-B2FE-B058D80331E0}.Release|Any CPU.Build.0 = Release|x86
		{AA96F249-86EC-4E16-B2FE-B058D80331E0}.Release|Any CPU.Deploy.0 = Release|x86
		{AA96F249-86EC-4E16-B2FE-B058D80331E0}.Release|ARM.ActiveCfg = Release|ARM
		{AA96F249-86EC-4E16-B2FE-B058D80331E0}.Release|ARM.Build.0 = Release|ARM
		{AA96F249-86EC-4E16-B2FE-B058D80331E0}.Release|ARM.Deploy.0 = Release|ARM
		{AA96F249-86EC-4E16-B2FE-B058D80331E0}.Release|iPhone.ActiveCfg = Release|x86
		{AA96F249-86EC-4E16-B2FE-B058D80331E0}.Release|iPhone.Build.0 = Release|x86
		{AA96F249-86EC-4E16-B2FE-B058D80331E0}.Release|iPhone.Deploy.0 = Release|x86
		{AA96F249-86EC-4E16-B2FE-B058D80331E0}.Release|iPhoneSimulator.ActiveCfg = Release|x86
		{AA96F249-86EC-4E16-B2FE-B058D80331E0}.Release|iPhoneSimulator.Build.0 = Release|x86
		{AA96F249-86EC-4E16-B2FE-B058D80331E0}.Release|iPhoneSimulator.Deploy.0 = Release|x86
		{AA96F249-86EC-4E16-B2FE-B058D80331E0}.Release|x64.ActiveCfg = Release|x64
		{AA96F249-86EC-4E16-B2FE-B058D80331E0}.Release|x64.Build.0 = Release|x64
		{AA96F249-86EC-4E16-B2FE-B058D80331E0}.Release|x64.Deploy.0 = Release|x64
		{AA96F249-86EC-4E16-B2FE-B058D80331E0}.Release|x86.ActiveCfg = Release|x86
		{AA96F249-86EC-4E16-B2FE-B058D80331E0}.Release|x86.Build.0 = Release|x86
		{AA96F249-86EC-4E16-B2FE-B058D80331E0}.Release|x86.Deploy.0 = Release|x86
		{7A4301A8-0734-45AF-BF79-60AA22496F12}.Ad-Hoc|Any CPU.ActiveCfg = Debug|Any CPU
		{7A4301A8-0734-45AF-BF79-60AA22496F12}.Ad-Hoc|Any CPU.Build.0 = Debug|Any CPU
		{7A4301A8-0734-45AF-BF79-60AA22496F12}.Ad-Hoc|Any CPU.Deploy.0 = Debug|Any CPU
		{7A4301A8-0734-45AF-BF79-60AA22496F12}.Ad-Hoc|ARM.ActiveCfg = Debug|Any CPU
		{7A4301A8-0734-45AF-BF79-60AA22496F12}.Ad-Hoc|ARM.Build.0 = Debug|Any CPU
		{7A4301A8-0734-45AF-BF79-60AA22496F12}.Ad-Hoc|ARM.Deploy.0 = Debug|Any CPU
		{7A4301A8-0734-45AF-BF79-60AA22496F12}.Ad-Hoc|iPhone.ActiveCfg = Debug|Any CPU
		{7A4301A8-0734-45AF-BF79-60AA22496F12}.Ad-Hoc|iPhone.Build.0 = Debug|Any CPU
		{7A4301A8-0734-45AF-BF79-60AA22496F12}.Ad-Hoc|iPhone.Deploy.0 = Debug|Any CPU
		{7A4301A8-0734-45AF-BF79-60AA22496F12}.Ad-Hoc|iPhoneSimulator.ActiveCfg = Debug|Any CPU
		{7A4301A8-0734-45AF-BF79-60AA22496F12}.Ad-Hoc|iPhoneSimulator.Build.0 = Debug|Any CPU
		{7A4301A8-0734-45AF-BF79-60AA22496F12}.Ad-Hoc|iPhoneSimulator.Deploy.0 = Debug|Any CPU
		{7A4301A8-0734-45AF-BF79-60AA22496F12}.Ad-Hoc|x64.ActiveCfg = Debug|Any CPU
		{7A4301A8-0734-45AF-BF79-60AA22496F12}.Ad-Hoc|x64.Build.0 = Debug|Any CPU
		{7A4301A8-0734-45AF-BF79-60AA22496F12}.Ad-Hoc|x64.Deploy.0 = Debug|Any CPU
		{7A4301A8-0734-45AF-BF79-60AA22496F12}.Ad-Hoc|x86.ActiveCfg = Debug|Any CPU
		{7A4301A8-0734-45AF-BF79-60AA22496F12}.Ad-Hoc|x86.Build.0 = Debug|Any CPU
		{7A4301A8-0734-45AF-BF79-60AA22496F12}.Ad-Hoc|x86.Deploy.0 = Debug|Any CPU
		{7A4301A8-0734-45AF-BF79-60AA22496F12}.AppStore|Any CPU.ActiveCfg = Debug|Any CPU
		{7A4301A8-0734-45AF-BF79-60AA22496F12}.AppStore|Any CPU.Build.0 = Debug|Any CPU
		{7A4301A8-0734-45AF-BF79-60AA22496F12}.AppStore|Any CPU.Deploy.0 = Debug|Any CPU
		{7A4301A8-0734-45AF-BF79-60AA22496F12}.AppStore|ARM.ActiveCfg = Debug|Any CPU
		{7A4301A8-0734-45AF-BF79-60AA22496F12}.AppStore|ARM.Build.0 = Debug|Any CPU
		{7A4301A8-0734-45AF-BF79-60AA22496F12}.AppStore|ARM.Deploy.0 = Debug|Any CPU
		{7A4301A8-0734-45AF-BF79-60AA22496F12}.AppStore|iPhone.ActiveCfg = Debug|Any CPU
		{7A4301A8-0734-45AF-BF79-60AA22496F12}.AppStore|iPhone.Build.0 = Debug|Any CPU
		{7A4301A8-0734-45AF-BF79-60AA22496F12}.AppStore|iPhone.Deploy.0 = Debug|Any CPU
		{7A4301A8-0734-45AF-BF79-60AA22496F12}.AppStore|iPhoneSimulator.ActiveCfg = Debug|Any CPU
		{7A4301A8-0734-45AF-BF79-60AA22496F12}.AppStore|iPhoneSimulator.Build.0 = Debug|Any CPU
		{7A4301A8-0734-45AF-BF79-60AA22496F12}.AppStore|iPhoneSimulator.Deploy.0 = Debug|Any CPU
		{7A4301A8-0734-45AF-BF79-60AA22496F12}.AppStore|x64.ActiveCfg = Debug|Any CPU
		{7A4301A8-0734-45AF-BF79-60AA22496F12}.AppStore|x64.Build.0 = Debug|Any CPU
		{7A4301A8-0734-45AF-BF79-60AA22496F12}.AppStore|x64.Deploy.0 = Debug|Any CPU
		{7A4301A8-0734-45AF-BF79-60AA22496F12}.AppStore|x86.ActiveCfg = Debug|Any CPU
		{7A4301A8-0734-45AF-BF79-60AA22496F12}.AppStore|x86.Build.0 = Debug|Any CPU
		{7A4301A8-0734-45AF-BF79-60AA22496F12}.AppStore|x86.Deploy.0 = Debug|Any CPU
		{7A4301A8-0734-45AF-BF79-60AA22496F12}.Debug|Any CPU.ActiveCfg = Debug|Any CPU
		{7A4301A8-0734-45AF-BF79-60AA22496F12}.Debug|Any CPU.Build.0 = Debug|Any CPU
		{7A4301A8-0734-45AF-BF79-60AA22496F12}.Debug|Any CPU.Deploy.0 = Debug|Any CPU
		{7A4301A8-0734-45AF-BF79-60AA22496F12}.Debug|ARM.ActiveCfg = Debug|Any CPU
		{7A4301A8-0734-45AF-BF79-60AA22496F12}.Debug|ARM.Build.0 = Debug|Any CPU
		{7A4301A8-0734-45AF-BF79-60AA22496F12}.Debug|ARM.Deploy.0 = Debug|Any CPU
		{7A4301A8-0734-45AF-BF79-60AA22496F12}.Debug|iPhone.ActiveCfg = Debug|Any CPU
		{7A4301A8-0734-45AF-BF79-60AA22496F12}.Debug|iPhone.Build.0 = Debug|Any CPU
		{7A4301A8-0734-45AF-BF79-60AA22496F12}.Debug|iPhone.Deploy.0 = Debug|Any CPU
		{7A4301A8-0734-45AF-BF79-60AA22496F12}.Debug|iPhoneSimulator.ActiveCfg = Debug|Any CPU
		{7A4301A8-0734-45AF-BF79-60AA22496F12}.Debug|iPhoneSimulator.Build.0 = Debug|Any CPU
		{7A4301A8-0734-45AF-BF79-60AA22496F12}.Debug|iPhoneSimulator.Deploy.0 = Debug|Any CPU
		{7A4301A8-0734-45AF-BF79-60AA22496F12}.Debug|x64.ActiveCfg = Debug|Any CPU
		{7A4301A8-0734-45AF-BF79-60AA22496F12}.Debug|x64.Build.0 = Debug|Any CPU
		{7A4301A8-0734-45AF-BF79-60AA22496F12}.Debug|x64.Deploy.0 = Debug|Any CPU
		{7A4301A8-0734-45AF-BF79-60AA22496F12}.Debug|x86.ActiveCfg = Debug|Any CPU
		{7A4301A8-0734-45AF-BF79-60AA22496F12}.Debug|x86.Build.0 = Debug|Any CPU
		{7A4301A8-0734-45AF-BF79-60AA22496F12}.Debug|x86.Deploy.0 = Debug|Any CPU
		{7A4301A8-0734-45AF-BF79-60AA22496F12}.Release|Any CPU.ActiveCfg = Release|Any CPU
		{7A4301A8-0734-45AF-BF79-60AA22496F12}.Release|Any CPU.Build.0 = Release|Any CPU
		{7A4301A8-0734-45AF-BF79-60AA22496F12}.Release|Any CPU.Deploy.0 = Release|Any CPU
		{7A4301A8-0734-45AF-BF79-60AA22496F12}.Release|ARM.ActiveCfg = Release|Any CPU
		{7A4301A8-0734-45AF-BF79-60AA22496F12}.Release|ARM.Build.0 = Release|Any CPU
		{7A4301A8-0734-45AF-BF79-60AA22496F12}.Release|ARM.Deploy.0 = Release|Any CPU
		{7A4301A8-0734-45AF-BF79-60AA22496F12}.Release|iPhone.ActiveCfg = Release|Any CPU
		{7A4301A8-0734-45AF-BF79-60AA22496F12}.Release|iPhone.Build.0 = Release|Any CPU
		{7A4301A8-0734-45AF-BF79-60AA22496F12}.Release|iPhone.Deploy.0 = Release|Any CPU
		{7A4301A8-0734-45AF-BF79-60AA22496F12}.Release|iPhoneSimulator.ActiveCfg = Release|Any CPU
		{7A4301A8-0734-45AF-BF79-60AA22496F12}.Release|iPhoneSimulator.Build.0 = Release|Any CPU
		{7A4301A8-0734-45AF-BF79-60AA22496F12}.Release|iPhoneSimulator.Deploy.0 = Release|Any CPU
		{7A4301A8-0734-45AF-BF79-60AA22496F12}.Release|x64.ActiveCfg = Release|Any CPU
		{7A4301A8-0734-45AF-BF79-60AA22496F12}.Release|x64.Build.0 = Release|Any CPU
		{7A4301A8-0734-45AF-BF79-60AA22496F12}.Release|x64.Deploy.0 = Release|Any CPU
		{7A4301A8-0734-45AF-BF79-60AA22496F12}.Release|x86.ActiveCfg = Release|Any CPU
		{7A4301A8-0734-45AF-BF79-60AA22496F12}.Release|x86.Build.0 = Release|Any CPU
		{7A4301A8-0734-45AF-BF79-60AA22496F12}.Release|x86.Deploy.0 = Release|Any CPU
	EndGlobalSection
	GlobalSection(SolutionProperties) = preSolution
		HideSolutionNode = FALSE
	EndGlobalSection
	GlobalSection(ExtensibilityGlobals) = postSolution
		SolutionGuid = {DF91C8CD-4455-42D7-B7B3-90DE1E76D563}
	EndGlobalSection
EndGlobal
